{
  "name": "gas-docstemplate",
  "version": "0.1.0",
  "lockfileVersion": 1,
  "requires": true,
  "dependencies": {
    "@types/google-apps-script": {
      "version": "1.0.8",
      "resolved": "https://registry.npmjs.org/@types/google-apps-script/-/google-apps-script-1.0.8.tgz",
      "integrity": "sha512-Ih8o3Gyg1+L2pe2Ck89cd+Lmi/CXUbTzSRWJEFKGWFwohcyUva4eHtW75SX2XCM9PqR9x41BtuEdIQJaVSTnLg==",
      "dev": true
    }
  }
}
